{
    "version": 3,
    "terraform_version": "0.11.3",
    "serial": 4,
    "lineage": "0a0fcebc-6459-492d-b7db-8f512761f74b",
    "modules": [
        {
            "path": [
                "root"
            ],
            "outputs": {},
            "resources": {
                "azurerm_resource_group.test": {
                    "type": "azurerm_resource_group",
                    "depends_on": [],
                    "primary": {
                        "id": "/subscriptions/d271605f-5d64-43ff-b52d-62f0554d5943/resourceGroups/createdusingterraform",
                        "attributes": {
                            "id": "/subscriptions/d271605f-5d64-43ff-b52d-62f0554d5943/resourceGroups/createdusingterraform",
                            "location": "westus",
                            "name": "createdusingterraform",
                            "tags.%": "2",
                            "tags.environment": "changedterraform",
                            "tags.key": "value"
                        },
                        "meta": {},
                        "tainted": false
                    },
                    "deposed": [],
                    "provider": "provider.azurerm"
                }
            },
            "depends_on": []
        }
    ]
}
