{
    "version": 3,
    "terraform_version": "0.11.3",
    "serial": 2,
    "lineage": "dba0d30c-7d8c-489d-8b28-f1b1ce18ccaa",
    "modules": [
        {
            "path": [
                "root"
            ],
            "outputs": {},
            "resources": {
                "azurerm_resource_group.test": {
                    "type": "azurerm_resource_group",
                    "depends_on": [],
                    "primary": {
                        "id": "/subscriptions/d271605f-5d64-43ff-b52d-62f0554d5943/resourceGroups/secondresourcegroupusingtf",
                        "attributes": {
                            "id": "/subscriptions/d271605f-5d64-43ff-b52d-62f0554d5943/resourceGroups/secondresourcegroupusingtf",
                            "location": "westus",
                            "name": "secondresourcegroupusingtf",
                            "tags.%": "1",
                            "tags.environment": "Production"
                        },
                        "meta": {},
                        "tainted": false
                    },
                    "deposed": [],
                    "provider": "provider.azurerm"
                }
            },
            "depends_on": []
        }
    ]
}
